
Microsoft Visual Studio Solution File, Format Version 12.00
# Visual Studio 2013
VisualStudioVersion = 12.0.30501.0
MinimumVisualStudioVersion = 10.0.40219.1
Project("{FAE04EC0-301F-11D3-BF4B-00C04F79EFBC}") = "Stack", "Stack.csproj", "{6FD5FBE0-A9BF-4641-B603-E7F7539CB8DA}"
EndProject
Project("{FAE04EC0-301F-11D3-BF4B-00C04F79EFBC}") = "Stack.Lib", "..\Stack.Lib\Stack.Lib.csproj", "{49416489-24CC-4BA2-B228-792730A615F0}"
EndProject
Global
	GlobalSection(SolutionConfigurationPlatforms) = preSolution
		Debug|Any CPU = Debug|Any CPU
		Release|Any CPU = Release|Any CPU
	EndGlobalSection
	GlobalSection(ProjectConfigurationPlatforms) = postSolution
		{6FD5FBE0-A9BF-4641-B603-E7F7539CB8DA}.Debug|Any CPU.ActiveCfg = Debug|Any CPU
		{6FD5FBE0-A9BF-4641-B603-E7F7539CB8DA}.Debug|Any CPU.Build.0 = Debug|Any CPU
		{6FD5FBE0-A9BF-4641-B603-E7F7539CB8DA}.Release|Any CPU.ActiveCfg = Release|Any CPU
		{6FD5FBE0-A9BF-4641-B603-E7F7539CB8DA}.Release|Any CPU.Build.0 = Release|Any CPU
		{49416489-24CC-4BA2-B228-792730A615F0}.Debug|Any CPU.ActiveCfg = Debug|Any CPU
		{49416489-24CC-4BA2-B228-792730A615F0}.Debug|Any CPU.Build.0 = Debug|Any CPU
		{49416489-24CC-4BA2-B228-792730A615F0}.Release|Any CPU.ActiveCfg = Release|Any CPU
		{49416489-24CC-4BA2-B228-792730A615F0}.Release|Any CPU.Build.0 = Release|Any CPU
	EndGlobalSection
	GlobalSection(SolutionProperties) = preSolution
		HideSolutionNode = FALSE
	EndGlobalSection
EndGlobal
